{
  "requires": true,
  "lockfileVersion": 1,
  "dependencies": {
    "@aws-cdk/assets": {
      "version": "1.46.0",
      "resolved": "https://registry.npmjs.org/@aws-cdk/assets/-/assets-1.46.0.tgz",
      "integrity": "sha512-VMsPhDv3VceObgqiERKIsJL/B9R0R067KhsZZVdESxbox/lgehkDSkXJdjZI3eRoBKFv84kI4btz309m9xOFCw==",
      "dev": true,
      "requires": {
        "@aws-cdk/core": "1.46.0",
        "@aws-cdk/cx-api": "1.46.0",
        "constructs": "^3.0.2"
      }
    },
    "@aws-cdk/aws-apigateway": {
      "version": "1.46.0",
      "resolved": "https://registry.npmjs.org/@aws-cdk/aws-apigateway/-/aws-apigateway-1.46.0.tgz",
      "integrity": "sha512-ih2DnNJKRdHb5D+s+XHF1fCjEoMTrasT1Ki+nmH9EXkF957iwIjQo8skPgzlEm8+Ljo7Cj9d1hx7gMTk+3Kt1w==",
      "dev": true,
      "requires": {
        "@aws-cdk/assets": "1.46.0",
        "@aws-cdk/aws-certificatemanager": "1.46.0",
        "@aws-cdk/aws-ec2": "1.46.0",
        "@aws-cdk/aws-elasticloadbalancingv2": "1.46.0",
        "@aws-cdk/aws-iam": "1.46.0",
        "@aws-cdk/aws-lambda": "1.46.0",
        "@aws-cdk/aws-logs": "1.46.0",
        "@aws-cdk/aws-s3": "1.46.0",
        "@aws-cdk/aws-s3-assets": "1.46.0",
        "@aws-cdk/core": "1.46.0",
        "@aws-cdk/cx-api": "1.46.0",
        "constructs": "^3.0.2"
      }
    },
    "@aws-cdk/aws-applicationautoscaling": {
      "version": "1.46.0",
      "resolved": "https://registry.npmjs.org/@aws-cdk/aws-applicationautoscaling/-/aws-applicationautoscaling-1.46.0.tgz",
      "integrity": "sha512-VyHs8+gxrTkM3yj9XhA4PeXesucEvPEgY40sgRlq0fzxVEbfkqHfXDIyTvmR2loc3cbnioVvdds0CbrazJ1u8A==",
      "dev": true,
      "requires": {
        "@aws-cdk/aws-autoscaling-common": "1.46.0",
        "@aws-cdk/aws-cloudwatch": "1.46.0",
        "@aws-cdk/aws-iam": "1.46.0",
        "@aws-cdk/core": "1.46.0",
        "constructs": "^3.0.2"
      }
    },
    "@aws-cdk/aws-autoscaling": {
      "version": "1.46.0",
      "resolved": "https://registry.npmjs.org/@aws-cdk/aws-autoscaling/-/aws-autoscaling-1.46.0.tgz",
      "integrity": "sha512-NqpgfbqBYVZnBFTBSvIxxUjfoKzYh19tL1G34S2tilUM2dntS9jL8uRWYK9Rqb0gPVXAZhpYHCHLgZnIb4GXDA==",
      "dev": true,
      "requires": {
        "@aws-cdk/aws-autoscaling-common": "1.46.0",
        "@aws-cdk/aws-cloudwatch": "1.46.0",
        "@aws-cdk/aws-ec2": "1.46.0",
        "@aws-cdk/aws-elasticloadbalancing": "1.46.0",
        "@aws-cdk/aws-elasticloadbalancingv2": "1.46.0",
        "@aws-cdk/aws-iam": "1.46.0",
        "@aws-cdk/aws-sns": "1.46.0",
        "@aws-cdk/core": "1.46.0",
        "constructs": "^3.0.2"
      }
    },
    "@aws-cdk/aws-autoscaling-common": {
      "version": "1.46.0",
      "resolved": "https://registry.npmjs.org/@aws-cdk/aws-autoscaling-common/-/aws-autoscaling-common-1.46.0.tgz",
      "integrity": "sha512-XQwDvmt/f2KEBblaIGQ/TZH+o5Sg09pYaSz5iouiQf3LEut2Vk9A+VlQeFACNcVWYbHkeIjm2YjdUQkxNYsokQ==",
      "dev": true,
      "requires": {
        "@aws-cdk/aws-iam": "1.46.0",
        "@aws-cdk/core": "1.46.0",
        "constructs": "^3.0.2"
      }
    },
    "@aws-cdk/aws-autoscaling-hooktargets": {
      "version": "1.46.0",
      "resolved": "https://registry.npmjs.org/@aws-cdk/aws-autoscaling-hooktargets/-/aws-autoscaling-hooktargets-1.46.0.tgz",
      "integrity": "sha512-yFCJAQtT3Subd618XFVuN2kneEVc8QbrpYluMj5GqBVkvR9Fz76xisi+5eoIkfgGRwF9xFTHnz6Iqou4D+fG7w==",
      "dev": true,
      "requires": {
        "@aws-cdk/aws-autoscaling": "1.46.0",
        "@aws-cdk/aws-iam": "1.46.0",
        "@aws-cdk/aws-lambda": "1.46.0",
        "@aws-cdk/aws-sns": "1.46.0",
        "@aws-cdk/aws-sns-subscriptions": "1.46.0",
        "@aws-cdk/aws-sqs": "1.46.0",
        "@aws-cdk/core": "1.46.0",
        "constructs": "^3.0.2"
      }
    },
    "@aws-cdk/aws-batch": {
      "version": "1.46.0",
      "resolved": "https://registry.npmjs.org/@aws-cdk/aws-batch/-/aws-batch-1.46.0.tgz",
      "integrity": "sha512-xWnOarZBcN8uYX5Ad0h3Nq1P2pcyfqssMiNA4O59ma7c2nnjSasVCJlqudpHrB3FKNNn4tMy78LXFziLVdixsQ==",
      "dev": true,
      "requires": {
        "@aws-cdk/aws-ec2": "1.46.0",
        "@aws-cdk/aws-ecr": "1.46.0",
        "@aws-cdk/aws-ecs": "1.46.0",
        "@aws-cdk/aws-iam": "1.46.0",
        "@aws-cdk/core": "1.46.0",
        "constructs": "^3.0.2"
      }
    },
    "@aws-cdk/aws-certificatemanager": {
      "version": "1.46.0",
      "resolved": "https://registry.npmjs.org/@aws-cdk/aws-certificatemanager/-/aws-certificatemanager-1.46.0.tgz",
      "integrity": "sha512-hPPX439EXE0tIThMFArNtgUoEbh0tIg6NMmyw+zm6IKQTKj14EQU3bt0BtDFiNsNmNdoDRmu0knk4dZiDKm2gQ==",
      "dev": true,
      "requires": {
        "@aws-cdk/aws-iam": "1.46.0",
        "@aws-cdk/aws-lambda": "1.46.0",
        "@aws-cdk/aws-route53": "1.46.0",
        "@aws-cdk/core": "1.46.0",
        "constructs": "^3.0.2"
      }
    },
    "@aws-cdk/aws-cloudformation": {
      "version": "1.46.0",
      "resolved": "https://registry.npmjs.org/@aws-cdk/aws-cloudformation/-/aws-cloudformation-1.46.0.tgz",
      "integrity": "sha512-1tZiUUdRUiZck8oGJQfgqzNBA2pkLhscnltExtOgM+AQP79FuDDe8V6Iy8inyVwXWxSenKM9GR0FF87RJNjiAQ==",
      "dev": true,
      "requires": {
        "@aws-cdk/aws-iam": "1.46.0",
        "@aws-cdk/aws-lambda": "1.46.0",
        "@aws-cdk/aws-s3": "1.46.0",
        "@aws-cdk/aws-sns": "1.46.0",
        "@aws-cdk/core": "1.46.0",
        "@aws-cdk/cx-api": "1.46.0",
        "constructs": "^3.0.2"
      }
    },
    "@aws-cdk/aws-cloudfront": {
      "version": "1.46.0",
      "resolved": "https://registry.npmjs.org/@aws-cdk/aws-cloudfront/-/aws-cloudfront-1.46.0.tgz",
      "integrity": "sha512-AzPq2WPQ81vDCko5+1fgkQF0spk+KZtvVLKERG6zvBSOJ78VymCyLC0O+S4hEA8OdWTZTjkzYBRn0u0BhwMDow==",
      "dev": true,
      "requires": {
        "@aws-cdk/aws-certificatemanager": "1.46.0",
        "@aws-cdk/aws-iam": "1.46.0",
        "@aws-cdk/aws-kms": "1.46.0",
        "@aws-cdk/aws-lambda": "1.46.0",
        "@aws-cdk/aws-s3": "1.46.0",
        "@aws-cdk/core": "1.46.0",
        "constructs": "^3.0.2"
      }
    },
    "@aws-cdk/aws-cloudwatch": {
      "version": "1.46.0",
      "resolved": "https://registry.npmjs.org/@aws-cdk/aws-cloudwatch/-/aws-cloudwatch-1.46.0.tgz",
      "integrity": "sha512-rIv2NZhkGEmrqzWegBqedaHN/07s9XUaOuRvqG6VoK3Dv1VeL+MpAL7zArWb3KueyAQuPQmdeGXSUENwZ/q9SA==",
      "dev": true,
      "requires": {
        "@aws-cdk/aws-iam": "1.46.0",
        "@aws-cdk/core": "1.46.0",
        "constructs": "^3.0.2"
      }
    },
    "@aws-cdk/aws-codebuild": {
      "version": "1.46.0",
      "resolved": "https://registry.npmjs.org/@aws-cdk/aws-codebuild/-/aws-codebuild-1.46.0.tgz",
      "integrity": "sha512-dojmCjK0a4f4XUKfXmmGJeXQfBfHjocupj0JFDwyY93+r0dTN1gvN6IgCIbGn0q3TuX0Kvf/BHThazNlClej4A==",
      "dev": true,
      "requires": {
        "@aws-cdk/assets": "1.46.0",
        "@aws-cdk/aws-cloudwatch": "1.46.0",
        "@aws-cdk/aws-codecommit": "1.46.0",
        "@aws-cdk/aws-ec2": "1.46.0",
        "@aws-cdk/aws-ecr": "1.46.0",
        "@aws-cdk/aws-ecr-assets": "1.46.0",
        "@aws-cdk/aws-events": "1.46.0",
        "@aws-cdk/aws-iam": "1.46.0",
        "@aws-cdk/aws-kms": "1.46.0",
        "@aws-cdk/aws-s3": "1.46.0",
        "@aws-cdk/aws-s3-assets": "1.46.0",
        "@aws-cdk/aws-secretsmanager": "1.46.0",
        "@aws-cdk/core": "1.46.0",
        "constructs": "^3.0.2"
      }
    },
    "@aws-cdk/aws-codecommit": {
      "version": "1.46.0",
      "resolved": "https://registry.npmjs.org/@aws-cdk/aws-codecommit/-/aws-codecommit-1.46.0.tgz",
      "integrity": "sha512-fiOSby8L9xxtyjysDtl/wU9eQgcheP9gCL1F+lIjOdqEzBzyrrWskfhXL10abX7WxK4i27ljHw4Xzog2qroBLA==",
      "dev": true,
      "requires": {
        "@aws-cdk/aws-events": "1.46.0",
        "@aws-cdk/aws-iam": "1.46.0",
        "@aws-cdk/core": "1.46.0",
        "constructs": "^3.0.2"
      }
    },
    "@aws-cdk/aws-codepipeline": {
      "version": "1.46.0",
      "resolved": "https://registry.npmjs.org/@aws-cdk/aws-codepipeline/-/aws-codepipeline-1.46.0.tgz",
      "integrity": "sha512-zqs8RMaSplQXxqnM2j1ydwxAO2OQ075N8Irxx9v/6K4b+ri7ALA3n+uWiuY1lvJrSM7e/m3+csZ49F/C4yBZhg==",
      "dev": true,
      "requires": {
        "@aws-cdk/aws-events": "1.46.0",
        "@aws-cdk/aws-iam": "1.46.0",
        "@aws-cdk/aws-kms": "1.46.0",
        "@aws-cdk/aws-s3": "1.46.0",
        "@aws-cdk/core": "1.46.0",
        "constructs": "^3.0.2"
      }
    },
    "@aws-cdk/aws-cognito": {
      "version": "1.46.0",
      "resolved": "https://registry.npmjs.org/@aws-cdk/aws-cognito/-/aws-cognito-1.46.0.tgz",
      "integrity": "sha512-O+tJKXuCyOPm2eIqHLb+/vaj+XBFv7JrisAMazkJAf8wsDCbLySUhEg3hlUn3xgs36y1uJqZnVktClkhtJWMdQ==",
      "dev": true,
      "requires": {
        "@aws-cdk/aws-certificatemanager": "1.46.0",
        "@aws-cdk/aws-iam": "1.46.0",
        "@aws-cdk/aws-lambda": "1.46.0",
        "@aws-cdk/core": "1.46.0",
        "@aws-cdk/custom-resources": "1.46.0",
        "constructs": "^3.0.2"
      }
    },
    "@aws-cdk/aws-dynamodb": {
      "version": "1.46.0",
      "resolved": "https://registry.npmjs.org/@aws-cdk/aws-dynamodb/-/aws-dynamodb-1.46.0.tgz",
      "integrity": "sha512-jFGANrAHrMMKqYn63DEX4acAz7194yYgiCKkBG8YtXUkvzo/ioSC1wMTRs5W9jEj1vrLz09o6U0hs1a1Snm9Rw==",
      "dev": true,
      "requires": {
        "@aws-cdk/aws-applicationautoscaling": "1.46.0",
        "@aws-cdk/aws-cloudwatch": "1.46.0",
        "@aws-cdk/aws-iam": "1.46.0",
        "@aws-cdk/aws-kms": "1.46.0",
        "@aws-cdk/aws-lambda": "1.46.0",
        "@aws-cdk/core": "1.46.0",
        "@aws-cdk/custom-resources": "1.46.0",
        "constructs": "^3.0.2"
      }
    },
    "@aws-cdk/aws-ec2": {
      "version": "1.46.0",
      "resolved": "https://registry.npmjs.org/@aws-cdk/aws-ec2/-/aws-ec2-1.46.0.tgz",
      "integrity": "sha512-P44KtG/0b5CfC4aDIQMCq356wnuVaLxZ4DR2a1jrQdDaErL7oLslysL3gzQcsfxgpMNM7IzH5pDOp95N9X66dA==",
      "dev": true,
      "requires": {
        "@aws-cdk/aws-cloudwatch": "1.46.0",
        "@aws-cdk/aws-iam": "1.46.0",
        "@aws-cdk/aws-logs": "1.46.0",
        "@aws-cdk/aws-s3": "1.46.0",
        "@aws-cdk/aws-ssm": "1.46.0",
        "@aws-cdk/cloud-assembly-schema": "1.46.0",
        "@aws-cdk/core": "1.46.0",
        "@aws-cdk/cx-api": "1.46.0",
        "@aws-cdk/region-info": "1.46.0",
        "constructs": "^3.0.2"
      }
    },
    "@aws-cdk/aws-ecr": {
      "version": "1.46.0",
      "resolved": "https://registry.npmjs.org/@aws-cdk/aws-ecr/-/aws-ecr-1.46.0.tgz",
      "integrity": "sha512-n8IFJkQ5OOReYJMTGIT6QbJ/Mv/+8wFItiIdyI95/UXVy5yN1ZlRdRhyhv4XFjICc0jW8cq9cD7azUv70riClg==",
      "dev": true,
      "requires": {
        "@aws-cdk/aws-events": "1.46.0",
        "@aws-cdk/aws-iam": "1.46.0",
        "@aws-cdk/core": "1.46.0",
        "@aws-cdk/custom-resources": "1.46.0",
        "constructs": "^3.0.2"
      }
    },
    "@aws-cdk/aws-ecr-assets": {
      "version": "1.46.0",
      "resolved": "https://registry.npmjs.org/@aws-cdk/aws-ecr-assets/-/aws-ecr-assets-1.46.0.tgz",
      "integrity": "sha512-mbYmigGf/JlnAoaYex5SuQjWSZcq8lB00H6983g6526TMFxJ0x+H6EpCgVgk/Ym46yGxg16DrJft8n+ByMU2ag==",
      "dev": true,
      "requires": {
        "@aws-cdk/assets": "1.46.0",
        "@aws-cdk/aws-ecr": "1.46.0",
        "@aws-cdk/aws-iam": "1.46.0",
        "@aws-cdk/aws-lambda": "1.46.0",
        "@aws-cdk/aws-s3": "1.46.0",
        "@aws-cdk/core": "1.46.0",
        "@aws-cdk/cx-api": "1.46.0",
        "constructs": "^3.0.2",
        "minimatch": "^3.0.4"
      },
      "dependencies": {
        "balanced-match": {
          "version": "1.0.0",
          "bundled": true,
          "dev": true
        },
        "brace-expansion": {
          "version": "1.1.11",
          "bundled": true,
          "dev": true,
          "requires": {
            "balanced-match": "^1.0.0",
            "concat-map": "0.0.1"
          }
        },
        "concat-map": {
          "version": "0.0.1",
          "bundled": true,
          "dev": true
        },
        "minimatch": {
          "version": "3.0.4",
          "bundled": true,
          "dev": true,
          "requires": {
            "brace-expansion": "^1.1.7"
          }
        }
      }
    },
    "@aws-cdk/aws-ecs": {
      "version": "1.46.0",
      "resolved": "https://registry.npmjs.org/@aws-cdk/aws-ecs/-/aws-ecs-1.46.0.tgz",
      "integrity": "sha512-8wOFRDPWIyFVzznrRLs1t2N2xRVIcFUND16x9+HJn07DPtLcxfqV2USwRezTY6gDLJd0ciy3lubmxRJp/KUTkg==",
      "dev": true,
      "requires": {
        "@aws-cdk/aws-applicationautoscaling": "1.46.0",
        "@aws-cdk/aws-autoscaling": "1.46.0",
        "@aws-cdk/aws-autoscaling-hooktargets": "1.46.0",
        "@aws-cdk/aws-certificatemanager": "1.46.0",
        "@aws-cdk/aws-cloudwatch": "1.46.0",
        "@aws-cdk/aws-ec2": "1.46.0",
        "@aws-cdk/aws-ecr": "1.46.0",
        "@aws-cdk/aws-ecr-assets": "1.46.0",
        "@aws-cdk/aws-elasticloadbalancing": "1.46.0",
        "@aws-cdk/aws-elasticloadbalancingv2": "1.46.0",
        "@aws-cdk/aws-iam": "1.46.0",
        "@aws-cdk/aws-lambda": "1.46.0",
        "@aws-cdk/aws-logs": "1.46.0",
        "@aws-cdk/aws-route53": "1.46.0",
        "@aws-cdk/aws-route53-targets": "1.46.0",
        "@aws-cdk/aws-secretsmanager": "1.46.0",
        "@aws-cdk/aws-servicediscovery": "1.46.0",
        "@aws-cdk/aws-sns": "1.46.0",
        "@aws-cdk/aws-sqs": "1.46.0",
        "@aws-cdk/aws-ssm": "1.46.0",
        "@aws-cdk/core": "1.46.0",
        "@aws-cdk/cx-api": "1.46.0",
        "constructs": "^3.0.2"
      }
    },
    "@aws-cdk/aws-elasticloadbalancing": {
      "version": "1.46.0",
      "resolved": "https://registry.npmjs.org/@aws-cdk/aws-elasticloadbalancing/-/aws-elasticloadbalancing-1.46.0.tgz",
      "integrity": "sha512-kGhfkNJT2O3OBE3J1sF96z7lfvoMRl/3DPDnp/pZyhXbOwoS3p6hVHa12kxWhVpaqnfJQ16NShuZ7cHdsZ51rQ==",
      "dev": true,
      "requires": {
        "@aws-cdk/aws-ec2": "1.46.0",
        "@aws-cdk/core": "1.46.0",
        "constructs": "^3.0.2"
      }
    },
    "@aws-cdk/aws-elasticloadbalancingv2": {
      "version": "1.46.0",
      "resolved": "https://registry.npmjs.org/@aws-cdk/aws-elasticloadbalancingv2/-/aws-elasticloadbalancingv2-1.46.0.tgz",
      "integrity": "sha512-bHS1h12E5NFf1cBbKGgKKXLg2OM8M9NZKyYukFeGfWZOuGwtEsVOKmQTWIy20mLI4UDnl0whR7ZEW+gMRI1/dA==",
      "dev": true,
      "requires": {
        "@aws-cdk/aws-certificatemanager": "1.46.0",
        "@aws-cdk/aws-cloudwatch": "1.46.0",
        "@aws-cdk/aws-ec2": "1.46.0",
        "@aws-cdk/aws-iam": "1.46.0",
        "@aws-cdk/aws-lambda": "1.46.0",
        "@aws-cdk/aws-s3": "1.46.0",
        "@aws-cdk/core": "1.46.0",
        "constructs": "^3.0.2"
      }
    },
    "@aws-cdk/aws-events": {
      "version": "1.46.0",
      "resolved": "https://registry.npmjs.org/@aws-cdk/aws-events/-/aws-events-1.46.0.tgz",
      "integrity": "sha512-aRwPiTGMT/wiBgYZa9MADull16Xwqt2UkBzDN55qPNwgbA5ZFxFivQJSyAxs4MoA/vD/JSx1sPVPCutpukkGjA==",
      "dev": true,
      "requires": {
        "@aws-cdk/aws-iam": "1.46.0",
        "@aws-cdk/core": "1.46.0",
        "constructs": "^3.0.2"
      }
    },
    "@aws-cdk/aws-events-targets": {
      "version": "1.46.0",
      "resolved": "https://registry.npmjs.org/@aws-cdk/aws-events-targets/-/aws-events-targets-1.46.0.tgz",
      "integrity": "sha512-zR96LFAfqU8iMp+0ecI0f1kFx0Yf4dUmpAOqZDWL/10umPNlAyqLAH2pNkuK7QN0bwF+ERbRghTfQV56t4ACTg==",
      "dev": true,
      "requires": {
        "@aws-cdk/aws-batch": "1.46.0",
        "@aws-cdk/aws-codebuild": "1.46.0",
        "@aws-cdk/aws-codepipeline": "1.46.0",
        "@aws-cdk/aws-ec2": "1.46.0",
        "@aws-cdk/aws-ecs": "1.46.0",
        "@aws-cdk/aws-events": "1.46.0",
        "@aws-cdk/aws-iam": "1.46.0",
        "@aws-cdk/aws-kinesis": "1.46.0",
        "@aws-cdk/aws-lambda": "1.46.0",
        "@aws-cdk/aws-sns": "1.46.0",
        "@aws-cdk/aws-sns-subscriptions": "1.46.0",
        "@aws-cdk/aws-sqs": "1.46.0",
        "@aws-cdk/aws-stepfunctions": "1.46.0",
        "@aws-cdk/core": "1.46.0",
        "constructs": "^3.0.2"
      }
    },
    "@aws-cdk/aws-iam": {
      "version": "1.46.0",
      "resolved": "https://registry.npmjs.org/@aws-cdk/aws-iam/-/aws-iam-1.46.0.tgz",
      "integrity": "sha512-D400DpnQ8u+Iz2SauL/16P13g4GT1A38rPtbs4S7I5Y9ZVlHkCf0fbwBwKrZt+Tn/GtHj4oqkchWBd9fd9TAPA==",
      "dev": true,
      "requires": {
        "@aws-cdk/core": "1.46.0",
        "@aws-cdk/region-info": "1.46.0",
        "constructs": "^3.0.2"
      }
    },
    "@aws-cdk/aws-kinesis": {
      "version": "1.46.0",
      "resolved": "https://registry.npmjs.org/@aws-cdk/aws-kinesis/-/aws-kinesis-1.46.0.tgz",
      "integrity": "sha512-IkQ3IEh7kPpoaku96j7tfKFfR/q0LYWBbVnwkxYY96C3LjidKYexCBwRqM+5uvIsXr7tyx3wsQMfly1H/4ArMA==",
      "dev": true,
      "requires": {
        "@aws-cdk/aws-iam": "1.46.0",
        "@aws-cdk/aws-kms": "1.46.0",
        "@aws-cdk/aws-logs": "1.46.0",
        "@aws-cdk/core": "1.46.0",
        "constructs": "^3.0.2"
      }
    },
    "@aws-cdk/aws-kms": {
      "version": "1.46.0",
      "resolved": "https://registry.npmjs.org/@aws-cdk/aws-kms/-/aws-kms-1.46.0.tgz",
      "integrity": "sha512-+lTJ7YsFh4gy6xLb/WvG07gIERPJP1FEODkqHl0NaZ5fxTNFgCV7Y883jsmaof+Hpj4jJRfFv1D9HHwvs9DZIQ==",
      "dev": true,
      "requires": {
        "@aws-cdk/aws-iam": "1.46.0",
        "@aws-cdk/core": "1.46.0",
        "constructs": "^3.0.2"
      }
    },
    "@aws-cdk/aws-lambda": {
      "version": "1.46.0",
      "resolved": "https://registry.npmjs.org/@aws-cdk/aws-lambda/-/aws-lambda-1.46.0.tgz",
      "integrity": "sha512-REgRPPbJt/UD7n2fRbpJHK17fMDA0PED+gCvlctEw2chIUsJx601FDHG74vVKtm0R7UEM2svADzNm2Tv5YnVTw==",
      "dev": true,
      "requires": {
        "@aws-cdk/aws-cloudwatch": "1.46.0",
        "@aws-cdk/aws-ec2": "1.46.0",
        "@aws-cdk/aws-events": "1.46.0",
        "@aws-cdk/aws-iam": "1.46.0",
        "@aws-cdk/aws-logs": "1.46.0",
        "@aws-cdk/aws-s3": "1.46.0",
        "@aws-cdk/aws-s3-assets": "1.46.0",
        "@aws-cdk/aws-sqs": "1.46.0",
        "@aws-cdk/core": "1.46.0",
        "@aws-cdk/cx-api": "1.46.0",
        "constructs": "^3.0.2"
      }
    },
    "@aws-cdk/aws-lambda-event-sources": {
      "version": "1.46.0",
      "resolved": "https://registry.npmjs.org/@aws-cdk/aws-lambda-event-sources/-/aws-lambda-event-sources-1.46.0.tgz",
      "integrity": "sha512-YXKzokwQ2nLeLbAyfP/QxuBGxRZKjQDjv0gd9Ep2jO43JrSx1OkKBqkUXEgrgrxvMpbAGkMq06OdlXLsBGuqRg==",
      "dev": true,
      "requires": {
        "@aws-cdk/aws-apigateway": "1.46.0",
        "@aws-cdk/aws-dynamodb": "1.46.0",
        "@aws-cdk/aws-events": "1.46.0",
        "@aws-cdk/aws-iam": "1.46.0",
        "@aws-cdk/aws-kinesis": "1.46.0",
        "@aws-cdk/aws-lambda": "1.46.0",
        "@aws-cdk/aws-s3": "1.46.0",
        "@aws-cdk/aws-s3-notifications": "1.46.0",
        "@aws-cdk/aws-sns": "1.46.0",
        "@aws-cdk/aws-sns-subscriptions": "1.46.0",
        "@aws-cdk/aws-sqs": "1.46.0",
        "@aws-cdk/core": "1.46.0",
        "constructs": "^3.0.2"
      }
    },
    "@aws-cdk/aws-logs": {
      "version": "1.46.0",
      "resolved": "https://registry.npmjs.org/@aws-cdk/aws-logs/-/aws-logs-1.46.0.tgz",
      "integrity": "sha512-JcP7AJXQfC+uoEJhyZ1Y6uh1sIF9swN1q/NG4bNij3jaU7tlbZj7iHgy+k2XwH+1aNA96CeRyKCD6NSgo6w/kQ==",
      "dev": true,
      "requires": {
        "@aws-cdk/aws-cloudwatch": "1.46.0",
        "@aws-cdk/aws-iam": "1.46.0",
        "@aws-cdk/core": "1.46.0",
        "constructs": "^3.0.2"
      }
    },
    "@aws-cdk/aws-route53": {
      "version": "1.46.0",
      "resolved": "https://registry.npmjs.org/@aws-cdk/aws-route53/-/aws-route53-1.46.0.tgz",
      "integrity": "sha512-YYc7sxCCf0V7Ma478dHJk2+0DmOJa9wgURdKku4cMm3G4qQmRZ2GG+z6Hsf8DBLa6wg73fHxarQGTFqBSAmnHg==",
      "dev": true,
      "requires": {
        "@aws-cdk/aws-ec2": "1.46.0",
        "@aws-cdk/aws-logs": "1.46.0",
        "@aws-cdk/cloud-assembly-schema": "1.46.0",
        "@aws-cdk/core": "1.46.0",
        "constructs": "^3.0.2"
      }
    },
    "@aws-cdk/aws-route53-targets": {
      "version": "1.46.0",
      "resolved": "https://registry.npmjs.org/@aws-cdk/aws-route53-targets/-/aws-route53-targets-1.46.0.tgz",
      "integrity": "sha512-wqV8TBGqBQCl2YT7D88wbDmse5RTskEUpBvKZAdQ2UD35HTD+lTPapqcEERJd7Q35CyEFS1PR73JjlDOLc4/9g==",
      "dev": true,
      "requires": {
        "@aws-cdk/aws-apigateway": "1.46.0",
        "@aws-cdk/aws-cloudfront": "1.46.0",
        "@aws-cdk/aws-cognito": "1.46.0",
        "@aws-cdk/aws-ec2": "1.46.0",
        "@aws-cdk/aws-elasticloadbalancing": "1.46.0",
        "@aws-cdk/aws-elasticloadbalancingv2": "1.46.0",
        "@aws-cdk/aws-iam": "1.46.0",
        "@aws-cdk/aws-route53": "1.46.0",
        "@aws-cdk/aws-s3": "1.46.0",
        "@aws-cdk/core": "1.46.0",
        "@aws-cdk/region-info": "1.46.0",
        "constructs": "^3.0.2"
      }
    },
    "@aws-cdk/aws-s3": {
      "version": "1.46.0",
      "resolved": "https://registry.npmjs.org/@aws-cdk/aws-s3/-/aws-s3-1.46.0.tgz",
      "integrity": "sha512-v9R6AK/SQHqwMwiXvou2Ww5RrqUghlCJyW4cmn2rrbwbgYRMbMLgYGcrYb3OSxenjYP68cPtw+UB+/zjsVjHMg==",
      "dev": true,
      "requires": {
        "@aws-cdk/aws-events": "1.46.0",
        "@aws-cdk/aws-iam": "1.46.0",
        "@aws-cdk/aws-kms": "1.46.0",
        "@aws-cdk/core": "1.46.0",
        "constructs": "^3.0.2"
      }
    },
    "@aws-cdk/aws-s3-assets": {
      "version": "1.46.0",
      "resolved": "https://registry.npmjs.org/@aws-cdk/aws-s3-assets/-/aws-s3-assets-1.46.0.tgz",
      "integrity": "sha512-JdQkwBSgEJNmSQlBphsQ3AgflpbXnTibGcf6xFGXa/0+Qgc12GUA6KX3qdcd29CQhej3tYprK6Bne3Y2jjZT3g==",
      "dev": true,
      "requires": {
        "@aws-cdk/assets": "1.46.0",
        "@aws-cdk/aws-iam": "1.46.0",
        "@aws-cdk/aws-kms": "1.46.0",
        "@aws-cdk/aws-s3": "1.46.0",
        "@aws-cdk/core": "1.46.0",
        "@aws-cdk/cx-api": "1.46.0",
        "constructs": "^3.0.2"
      }
    },
    "@aws-cdk/aws-s3-notifications": {
      "version": "1.46.0",
      "resolved": "https://registry.npmjs.org/@aws-cdk/aws-s3-notifications/-/aws-s3-notifications-1.46.0.tgz",
      "integrity": "sha512-SgwA1IOEaqMyfz/ijutqUZLPzDo+HggN+xVuRFxO9fgMiZYCJ92HYudVDYoxX7ce2bQuL5fWndCd915j04k4GQ==",
      "dev": true,
      "requires": {
        "@aws-cdk/aws-iam": "1.46.0",
        "@aws-cdk/aws-lambda": "1.46.0",
        "@aws-cdk/aws-s3": "1.46.0",
        "@aws-cdk/aws-sns": "1.46.0",
        "@aws-cdk/aws-sqs": "1.46.0",
        "@aws-cdk/core": "1.46.0",
        "constructs": "^3.0.2"
      }
    },
    "@aws-cdk/aws-sam": {
      "version": "1.46.0",
      "resolved": "https://registry.npmjs.org/@aws-cdk/aws-sam/-/aws-sam-1.46.0.tgz",
      "integrity": "sha512-6jU0CPMfJ/6dWEEdg8ulw9davQ0I/0bh29pyWmq4kIoCLmOsnkz+QYohKc1BcREU9Q1DHBeXE6r7+PP6YrQuBw==",
      "dev": true,
      "requires": {
        "@aws-cdk/core": "1.46.0",
        "constructs": "^3.0.2"
      }
    },
    "@aws-cdk/aws-secretsmanager": {
      "version": "1.46.0",
      "resolved": "https://registry.npmjs.org/@aws-cdk/aws-secretsmanager/-/aws-secretsmanager-1.46.0.tgz",
      "integrity": "sha512-92DBM96uHIknEGq8S6Fr+WvFY8ZwotvTYNJZMAyZbyyMBD5KsPD8VyAlhljzBqd+Y8GRdE6s5ymYo945GdAUDA==",
      "dev": true,
      "requires": {
        "@aws-cdk/aws-ec2": "1.46.0",
        "@aws-cdk/aws-iam": "1.46.0",
        "@aws-cdk/aws-kms": "1.46.0",
        "@aws-cdk/aws-lambda": "1.46.0",
        "@aws-cdk/aws-sam": "1.46.0",
        "@aws-cdk/core": "1.46.0",
        "constructs": "^3.0.2"
      }
    },
    "@aws-cdk/aws-servicediscovery": {
      "version": "1.46.0",
      "resolved": "https://registry.npmjs.org/@aws-cdk/aws-servicediscovery/-/aws-servicediscovery-1.46.0.tgz",
      "integrity": "sha512-IBdCrzDqKNgzSZhNFkOufJ/UW8zU+FGdK8sQ1M2E+IpHjj8gdB1gC8id2S/woj6qX6st0bR2m26arOXq00C97Q==",
      "dev": true,
      "requires": {
        "@aws-cdk/aws-ec2": "1.46.0",
        "@aws-cdk/aws-elasticloadbalancingv2": "1.46.0",
        "@aws-cdk/aws-route53": "1.46.0",
        "@aws-cdk/core": "1.46.0",
        "constructs": "^3.0.2"
      }
    },
    "@aws-cdk/aws-sns": {
      "version": "1.46.0",
      "resolved": "https://registry.npmjs.org/@aws-cdk/aws-sns/-/aws-sns-1.46.0.tgz",
      "integrity": "sha512-9rhuWQFaaMLzVGC9RkpKv6dw1qY+ARNeHyqBZUDCzO9jvo/eO5LzPOhkQPIiZi/vL1T2JEBvo26ySj/u520pbA==",
      "dev": true,
      "requires": {
        "@aws-cdk/aws-cloudwatch": "1.46.0",
        "@aws-cdk/aws-events": "1.46.0",
        "@aws-cdk/aws-iam": "1.46.0",
        "@aws-cdk/aws-kms": "1.46.0",
        "@aws-cdk/aws-sqs": "1.46.0",
        "@aws-cdk/core": "1.46.0",
        "constructs": "^3.0.2"
      }
    },
    "@aws-cdk/aws-sns-subscriptions": {
      "version": "1.46.0",
      "resolved": "https://registry.npmjs.org/@aws-cdk/aws-sns-subscriptions/-/aws-sns-subscriptions-1.46.0.tgz",
      "integrity": "sha512-QzkgFYQ82Lpt7XK1iX4CcygRvttRB0xC2phmTrs7LazZ5veb4KmUlngU8x8gEJ1dD1Evi5R6WmTN6UAac9Et1w==",
      "dev": true,
      "requires": {
        "@aws-cdk/aws-iam": "1.46.0",
        "@aws-cdk/aws-lambda": "1.46.0",
        "@aws-cdk/aws-sns": "1.46.0",
        "@aws-cdk/aws-sqs": "1.46.0",
        "@aws-cdk/core": "1.46.0",
        "constructs": "^3.0.2"
      }
    },
    "@aws-cdk/aws-sqs": {
      "version": "1.46.0",
      "resolved": "https://registry.npmjs.org/@aws-cdk/aws-sqs/-/aws-sqs-1.46.0.tgz",
      "integrity": "sha512-HG7rClnwzJJYbNVzpO4JL7F4V/iM/0DTmL+q4QwzsWFIV9CPPMMC3FsoPCz4H4+Lj2/bXeU+7kcI9qJzvqmejg==",
      "dev": true,
      "requires": {
        "@aws-cdk/aws-cloudwatch": "1.46.0",
        "@aws-cdk/aws-iam": "1.46.0",
        "@aws-cdk/aws-kms": "1.46.0",
        "@aws-cdk/core": "1.46.0",
        "constructs": "^3.0.2"
      }
    },
    "@aws-cdk/aws-ssm": {
      "version": "1.46.0",
      "resolved": "https://registry.npmjs.org/@aws-cdk/aws-ssm/-/aws-ssm-1.46.0.tgz",
      "integrity": "sha512-Y2pNW7wA6+916kdNXG1kgJvDiBG2nzHKyVZUTort3p8P51GeoKVx+sKmD7Unp3JW64tYQUAfKs+XP0PWV4ZwCA==",
      "dev": true,
      "requires": {
        "@aws-cdk/aws-iam": "1.46.0",
        "@aws-cdk/aws-kms": "1.46.0",
        "@aws-cdk/cloud-assembly-schema": "1.46.0",
        "@aws-cdk/core": "1.46.0",
        "constructs": "^3.0.2"
      }
    },
    "@aws-cdk/aws-stepfunctions": {
      "version": "1.46.0",
      "resolved": "https://registry.npmjs.org/@aws-cdk/aws-stepfunctions/-/aws-stepfunctions-1.46.0.tgz",
      "integrity": "sha512-VsVHzigyaufaHiyIsep0Gmz3lIHL4+e1SDbBCNyNSqIgXdP/xli/aiZyLfyW0jr+IN5GXTNFPd1Rqc2Nmfvt+g==",
      "dev": true,
      "requires": {
        "@aws-cdk/aws-cloudwatch": "1.46.0",
        "@aws-cdk/aws-events": "1.46.0",
        "@aws-cdk/aws-iam": "1.46.0",
        "@aws-cdk/aws-logs": "1.46.0",
        "@aws-cdk/core": "1.46.0",
        "constructs": "^3.0.2"
      }
    },
    "@aws-cdk/cdk-assets-schema": {
      "version": "1.46.0",
      "resolved": "https://registry.npmjs.org/@aws-cdk/cdk-assets-schema/-/cdk-assets-schema-1.46.0.tgz",
      "integrity": "sha512-5YM/WHdfiiXkyN+oqPWIcrU7nQUzEVRmViiN+SGy/NZ6Tj9r30N9YygYMZO8z9sM7r20dOTl+pY9SYrclIeNUQ==",
      "dev": true,
      "requires": {
        "semver": "^7.2.2"
      },
      "dependencies": {
        "semver": {
          "version": "7.3.2",
          "bundled": true,
          "dev": true
        }
      }
    },
    "@aws-cdk/cloud-assembly-schema": {
      "version": "1.46.0",
      "resolved": "https://registry.npmjs.org/@aws-cdk/cloud-assembly-schema/-/cloud-assembly-schema-1.46.0.tgz",
      "integrity": "sha512-ji92c9RCMoY426vH1RbLstUOiUYqM84qa4Ww9Nsbn6Aw3qIS1Gz603dNgcIl+rK78SOq6WqlgykSyFAFykqVgA==",
      "dev": true,
      "requires": {
        "jsonschema": "^1.2.5",
        "semver": "^7.2.2"
      },
      "dependencies": {
        "jsonschema": {
          "version": "1.2.6",
          "bundled": true,
          "dev": true
        },
        "semver": {
          "version": "7.3.2",
          "bundled": true,
          "dev": true
        }
      }
    },
    "@aws-cdk/core": {
      "version": "1.46.0",
      "resolved": "https://registry.npmjs.org/@aws-cdk/core/-/core-1.46.0.tgz",
      "integrity": "sha512-PqK0fmt28ExMNXJiAdZU3A0jQeynd3Set+P86Tx9p2t7tI92oArh9lhuBGhoZ0sTjTUD0/ZqX4dYnH7JcFYUAg==",
      "dev": true,
      "requires": {
        "@aws-cdk/cdk-assets-schema": "1.46.0",
        "@aws-cdk/cloud-assembly-schema": "1.46.0",
        "@aws-cdk/cx-api": "1.46.0",
        "constructs": "^3.0.2",
        "fs-extra": "^9.0.1",
        "minimatch": "^3.0.4"
      },
      "dependencies": {
        "at-least-node": {
          "version": "1.0.0",
          "bundled": true,
          "dev": true
        },
        "balanced-match": {
          "version": "1.0.0",
          "bundled": true,
          "dev": true
        },
        "brace-expansion": {
          "version": "1.1.11",
          "bundled": true,
          "dev": true,
          "requires": {
            "balanced-match": "^1.0.0",
            "concat-map": "0.0.1"
          }
        },
        "concat-map": {
          "version": "0.0.1",
          "bundled": true,
          "dev": true
        },
        "fs-extra": {
          "version": "9.0.1",
          "bundled": true,
          "dev": true,
          "requires": {
            "at-least-node": "^1.0.0",
            "graceful-fs": "^4.2.0",
            "jsonfile": "^6.0.1",
            "universalify": "^1.0.0"
          }
        },
        "graceful-fs": {
          "version": "4.2.4",
          "bundled": true,
          "dev": true
        },
        "jsonfile": {
          "version": "6.0.1",
          "bundled": true,
          "dev": true,
          "requires": {
            "graceful-fs": "^4.1.6",
            "universalify": "^1.0.0"
          }
        },
        "minimatch": {
          "version": "3.0.4",
          "bundled": true,
          "dev": true,
          "requires": {
            "brace-expansion": "^1.1.7"
          }
        },
        "universalify": {
          "version": "1.0.0",
          "bundled": true,
          "dev": true
        }
      }
    },
    "@aws-cdk/custom-resources": {
      "version": "1.46.0",
      "resolved": "https://registry.npmjs.org/@aws-cdk/custom-resources/-/custom-resources-1.46.0.tgz",
      "integrity": "sha512-NJUTvY5o9pBiRSV8Sj1UTmhHCvHGUFjnAbwNl4cZLFqYWF4KYyxEmmQjPMmCIgn2FWySnMEVhVN9FmrvEznaQQ==",
      "dev": true,
      "requires": {
        "@aws-cdk/aws-cloudformation": "1.46.0",
        "@aws-cdk/aws-iam": "1.46.0",
        "@aws-cdk/aws-lambda": "1.46.0",
        "@aws-cdk/aws-logs": "1.46.0",
        "@aws-cdk/aws-sns": "1.46.0",
        "@aws-cdk/core": "1.46.0",
        "constructs": "^3.0.2"
      }
    },
    "@aws-cdk/cx-api": {
      "version": "1.46.0",
      "resolved": "https://registry.npmjs.org/@aws-cdk/cx-api/-/cx-api-1.46.0.tgz",
      "integrity": "sha512-3U4wbywHlYLqWllCNOVGqxDee3N5PxaQHkjpC3v0vhI+LPwcJEW1Vz11k3PMG6FaPcrLrfkAn1y7HSFsPXh8Qg==",
      "dev": true,
      "requires": {
        "@aws-cdk/cloud-assembly-schema": "1.46.0",
        "semver": "^7.2.2"
      },
      "dependencies": {
        "semver": {
          "version": "7.3.2",
          "bundled": true,
          "dev": true
        }
      }
    },
    "@aws-cdk/region-info": {
      "version": "1.46.0",
      "resolved": "https://registry.npmjs.org/@aws-cdk/region-info/-/region-info-1.46.0.tgz",
      "integrity": "sha512-EJYZCi2WVUnjPPlxJko66Vzc3LbAFA4dkdC9TDV+IxuBqGVts/7oHJf/Ca9RVglkbOkov7p78OTBWmONqncDEg==",
      "dev": true
    },
    "constructs": {
      "version": "3.0.3",
      "resolved": "https://registry.npmjs.org/constructs/-/constructs-3.0.3.tgz",
      "integrity": "sha512-JrYLpTlz92Un1jxkwoGiOiGoDjzIWtxo64sLC5FD4mQN1H9mAqZNvgxWYWaJIiWUXNkl5L5sO3GFf6peTj7UMQ==",
      "dev": true
    }
  }
}
