{
  "requires": true,
  "lockfileVersion": 1,
  "dependencies": {
    "@aws-cdk/assets": {
      "version": "1.50.0",
      "resolved": "https://registry.npmjs.org/@aws-cdk/assets/-/assets-1.50.0.tgz",
      "integrity": "sha512-rx3XvgopxBP4vasZrczRtrJ/YutqiRP+Njla8iVn/ub4nRoB7ypf2aZdzqtn2rfHkzK/9Rais67YdYPCzzTbJA==",
      "dev": true,
      "requires": {
        "@aws-cdk/core": "1.50.0",
        "@aws-cdk/cx-api": "1.50.0",
        "constructs": "^3.0.2"
      }
    },
    "@aws-cdk/aws-applicationautoscaling": {
      "version": "1.50.0",
      "resolved": "https://registry.npmjs.org/@aws-cdk/aws-applicationautoscaling/-/aws-applicationautoscaling-1.50.0.tgz",
      "integrity": "sha512-fWEYyMekOTeBNkbj0ruGSvTLEcU3RASIi8HJf+6p0BFeMMUglKHtq7U0tmUt/VsUdsXRVLpj+5GAbXhsifSU/w==",
      "dev": true,
      "requires": {
        "@aws-cdk/aws-autoscaling-common": "1.50.0",
        "@aws-cdk/aws-cloudwatch": "1.50.0",
        "@aws-cdk/aws-iam": "1.50.0",
        "@aws-cdk/core": "1.50.0",
        "constructs": "^3.0.2"
      }
    },
    "@aws-cdk/aws-autoscaling-common": {
      "version": "1.50.0",
      "resolved": "https://registry.npmjs.org/@aws-cdk/aws-autoscaling-common/-/aws-autoscaling-common-1.50.0.tgz",
      "integrity": "sha512-LINBL3+q23oRypgEm5En32R9bi1DGtC8WH1pkd47fCB2ye5MtSZPfkuAx+xA5utNAdD9GxX8+z648eiaWAjkeA==",
      "dev": true,
      "requires": {
        "@aws-cdk/aws-iam": "1.50.0",
        "@aws-cdk/core": "1.50.0",
        "constructs": "^3.0.2"
      }
    },
    "@aws-cdk/aws-backup": {
      "version": "1.50.0",
      "resolved": "https://registry.npmjs.org/@aws-cdk/aws-backup/-/aws-backup-1.50.0.tgz",
      "integrity": "sha512-QZ7R+1HK0Lol4cqq9In7UxBbXMJJD2QjF/9dtVq4QdXeIfUtOOYQ3EU7zTb8SQcs2t0m56mSNoZwECgb+nkqWA==",
      "dev": true,
      "requires": {
        "@aws-cdk/aws-dynamodb": "1.50.0",
        "@aws-cdk/aws-ec2": "1.50.0",
        "@aws-cdk/aws-efs": "1.50.0",
        "@aws-cdk/aws-events": "1.50.0",
        "@aws-cdk/aws-iam": "1.50.0",
        "@aws-cdk/aws-kms": "1.50.0",
        "@aws-cdk/aws-rds": "1.50.0",
        "@aws-cdk/aws-sns": "1.50.0",
        "@aws-cdk/core": "1.50.0",
        "constructs": "^3.0.2"
      }
    },
    "@aws-cdk/aws-cloudformation": {
      "version": "1.50.0",
      "resolved": "https://registry.npmjs.org/@aws-cdk/aws-cloudformation/-/aws-cloudformation-1.50.0.tgz",
      "integrity": "sha512-vnIhshSxRCjk+gxfUbQIeT1rMQW9E88HCAPSNKpOAgdw5OeckzbHphJyCfuPx90wUmEZeINRKDWsG2PsNPP1gA==",
      "dev": true,
      "requires": {
        "@aws-cdk/aws-iam": "1.50.0",
        "@aws-cdk/aws-lambda": "1.50.0",
        "@aws-cdk/aws-s3": "1.50.0",
        "@aws-cdk/aws-sns": "1.50.0",
        "@aws-cdk/core": "1.50.0",
        "@aws-cdk/cx-api": "1.50.0",
        "constructs": "^3.0.2"
      }
    },
    "@aws-cdk/aws-cloudwatch": {
      "version": "1.50.0",
      "resolved": "https://registry.npmjs.org/@aws-cdk/aws-cloudwatch/-/aws-cloudwatch-1.50.0.tgz",
      "integrity": "sha512-iT3ZvTPrGkH8VTnwDaH65yyl/ypETzRYSPb9l400e8ywsPU2YonrbgoURWA/QtX61bQiSEt0K1kpyTn1rLIXXA==",
      "dev": true,
      "requires": {
        "@aws-cdk/aws-iam": "1.50.0",
        "@aws-cdk/core": "1.50.0",
        "constructs": "^3.0.2"
      }
    },
    "@aws-cdk/aws-dlm": {
      "version": "1.50.0",
      "resolved": "https://registry.npmjs.org/@aws-cdk/aws-dlm/-/aws-dlm-1.50.0.tgz",
      "integrity": "sha512-5W+6polciGc9Bs+PRAShMgpCcS0BzIftKA17DAOIW3rwVfd5wAnmmFz8yreI2a8hPoMgVCgGXsqMcadIS5GC3w==",
      "dev": true,
      "requires": {
        "@aws-cdk/core": "1.50.0",
        "constructs": "^3.0.2"
      }
    },
    "@aws-cdk/aws-dynamodb": {
      "version": "1.50.0",
      "resolved": "https://registry.npmjs.org/@aws-cdk/aws-dynamodb/-/aws-dynamodb-1.50.0.tgz",
      "integrity": "sha512-BU5bn7e8IGj44zUjfZ9VOSMPiIRef9uJpGCDzoUNsjXFXcqMLCbDf8t7i5bFsm0hQqlL2WhjubkXG/1kkFV6rw==",
      "dev": true,
      "requires": {
        "@aws-cdk/aws-applicationautoscaling": "1.50.0",
        "@aws-cdk/aws-cloudwatch": "1.50.0",
        "@aws-cdk/aws-iam": "1.50.0",
        "@aws-cdk/aws-kms": "1.50.0",
        "@aws-cdk/aws-lambda": "1.50.0",
        "@aws-cdk/core": "1.50.0",
        "@aws-cdk/custom-resources": "1.50.0",
        "constructs": "^3.0.2"
      }
    },
    "@aws-cdk/aws-ec2": {
      "version": "1.50.0",
      "resolved": "https://registry.npmjs.org/@aws-cdk/aws-ec2/-/aws-ec2-1.50.0.tgz",
      "integrity": "sha512-QTcyOvrQTg+ekNeYXEkmv1Q1FBoQmpC9YxLULNqpvfqRADvLRynqk0z6jm4RbOPG8NIGE7yUohMnHeZxHC0QFA==",
      "dev": true,
      "requires": {
        "@aws-cdk/aws-cloudwatch": "1.50.0",
        "@aws-cdk/aws-iam": "1.50.0",
        "@aws-cdk/aws-kms": "1.50.0",
        "@aws-cdk/aws-logs": "1.50.0",
        "@aws-cdk/aws-s3": "1.50.0",
        "@aws-cdk/aws-ssm": "1.50.0",
        "@aws-cdk/cloud-assembly-schema": "1.50.0",
        "@aws-cdk/core": "1.50.0",
        "@aws-cdk/cx-api": "1.50.0",
        "@aws-cdk/region-info": "1.50.0",
        "constructs": "^3.0.2"
      }
    },
    "@aws-cdk/aws-efs": {
      "version": "1.50.0",
      "resolved": "https://registry.npmjs.org/@aws-cdk/aws-efs/-/aws-efs-1.50.0.tgz",
      "integrity": "sha512-2JyBqPVP8hnJX2TVaN3STC7YIsC/7GgBTV4cXlH0e39NKm6CM9KI0/olv9yulSXknS85lh+0Mwt1KtMV7WCTAA==",
      "dev": true,
      "requires": {
        "@aws-cdk/aws-ec2": "1.50.0",
        "@aws-cdk/aws-kms": "1.50.0",
        "@aws-cdk/cloud-assembly-schema": "1.50.0",
        "@aws-cdk/core": "1.50.0",
        "@aws-cdk/cx-api": "1.50.0",
        "constructs": "^3.0.2"
      }
    },
    "@aws-cdk/aws-events": {
      "version": "1.50.0",
      "resolved": "https://registry.npmjs.org/@aws-cdk/aws-events/-/aws-events-1.50.0.tgz",
      "integrity": "sha512-ppKxkbu5QmyMLhd1irAJccJ8vI4WwS0hzvR/Cxvpw2sE95T/kgUHlcsyG02eMnoqV1RbNKeLEBWu9bKHwUXwUw==",
      "dev": true,
      "requires": {
        "@aws-cdk/aws-iam": "1.50.0",
        "@aws-cdk/core": "1.50.0",
        "constructs": "^3.0.2"
      }
    },
    "@aws-cdk/aws-iam": {
      "version": "1.50.0",
      "resolved": "https://registry.npmjs.org/@aws-cdk/aws-iam/-/aws-iam-1.50.0.tgz",
      "integrity": "sha512-pHVjYzEVnrZaUNluCr//ebhwIjSK0InGOTtfOPJADDB56kw7ZYwsStzlhYhsUF25/EFV4yuhb3viwAB7XlDBpg==",
      "dev": true,
      "requires": {
        "@aws-cdk/core": "1.50.0",
        "@aws-cdk/region-info": "1.50.0",
        "constructs": "^3.0.2"
      }
    },
    "@aws-cdk/aws-kms": {
      "version": "1.50.0",
      "resolved": "https://registry.npmjs.org/@aws-cdk/aws-kms/-/aws-kms-1.50.0.tgz",
      "integrity": "sha512-lKdlfybgRtyocT2+sFsVSYqbnmDqi2/9drJiGqI0114887W3R8D+bKKpg5bR0jtiB5tUoC9ymx2cFAjBVyfNtQ==",
      "dev": true,
      "requires": {
        "@aws-cdk/aws-iam": "1.50.0",
        "@aws-cdk/core": "1.50.0",
        "constructs": "^3.0.2"
      }
    },
    "@aws-cdk/aws-lambda": {
      "version": "1.50.0",
      "resolved": "https://registry.npmjs.org/@aws-cdk/aws-lambda/-/aws-lambda-1.50.0.tgz",
      "integrity": "sha512-l4j+Qrh9L0SdV5InAhNtPnSWROQVxm+igpNJi03vHchLvY/gDiHvwrt1e/XYyegLTy2sFJceNf5cVc3QDkSMHQ==",
      "dev": true,
      "requires": {
        "@aws-cdk/aws-cloudwatch": "1.50.0",
        "@aws-cdk/aws-ec2": "1.50.0",
        "@aws-cdk/aws-efs": "1.50.0",
        "@aws-cdk/aws-events": "1.50.0",
        "@aws-cdk/aws-iam": "1.50.0",
        "@aws-cdk/aws-logs": "1.50.0",
        "@aws-cdk/aws-s3": "1.50.0",
        "@aws-cdk/aws-s3-assets": "1.50.0",
        "@aws-cdk/aws-sqs": "1.50.0",
        "@aws-cdk/core": "1.50.0",
        "@aws-cdk/cx-api": "1.50.0",
        "constructs": "^3.0.2"
      }
    },
    "@aws-cdk/aws-logs": {
      "version": "1.50.0",
      "resolved": "https://registry.npmjs.org/@aws-cdk/aws-logs/-/aws-logs-1.50.0.tgz",
      "integrity": "sha512-3XFQ7R1+592yKxfAx4u8Be70lWwwo2MVKgTj0mcL+T5oz24KRmhXrqeLJNOWdjwQQ+K0myyzZV6E0yphtshUMw==",
      "dev": true,
      "requires": {
        "@aws-cdk/aws-cloudwatch": "1.50.0",
        "@aws-cdk/aws-iam": "1.50.0",
        "@aws-cdk/core": "1.50.0",
        "constructs": "^3.0.2"
      }
    },
    "@aws-cdk/aws-rds": {
      "version": "1.50.0",
      "resolved": "https://registry.npmjs.org/@aws-cdk/aws-rds/-/aws-rds-1.50.0.tgz",
      "integrity": "sha512-cox9rwF9c1vD43KtrsEbVnkp8ytTGuyKgEoOAY0ZxkyDqpAVy5rdTuTsoC2Enkwx+cCP7qCeKTcUbgWU1g0lXw==",
      "dev": true,
      "requires": {
        "@aws-cdk/aws-cloudwatch": "1.50.0",
        "@aws-cdk/aws-ec2": "1.50.0",
        "@aws-cdk/aws-events": "1.50.0",
        "@aws-cdk/aws-iam": "1.50.0",
        "@aws-cdk/aws-kms": "1.50.0",
        "@aws-cdk/aws-lambda": "1.50.0",
        "@aws-cdk/aws-logs": "1.50.0",
        "@aws-cdk/aws-s3": "1.50.0",
        "@aws-cdk/aws-secretsmanager": "1.50.0",
        "@aws-cdk/core": "1.50.0",
        "constructs": "^3.0.2"
      }
    },
    "@aws-cdk/aws-s3": {
      "version": "1.50.0",
      "resolved": "https://registry.npmjs.org/@aws-cdk/aws-s3/-/aws-s3-1.50.0.tgz",
      "integrity": "sha512-r6zIzZCXv0s7mI4lq6QNBqyfXNE5rw6Co53X/AEZ2CpAifNuGtmMbcbrsR1Vm0zWN7mweSd5ge1Xj96rAZ1RiQ==",
      "dev": true,
      "requires": {
        "@aws-cdk/aws-events": "1.50.0",
        "@aws-cdk/aws-iam": "1.50.0",
        "@aws-cdk/aws-kms": "1.50.0",
        "@aws-cdk/core": "1.50.0",
        "constructs": "^3.0.2"
      }
    },
    "@aws-cdk/aws-s3-assets": {
      "version": "1.50.0",
      "resolved": "https://registry.npmjs.org/@aws-cdk/aws-s3-assets/-/aws-s3-assets-1.50.0.tgz",
      "integrity": "sha512-OfBz2xDBuhkzrJrr5JFZCVGu19veO6UgeCJBchq7svmbWRlWiRmg2lZJ3yu8jfvGkxvg8AoR5HkqISAJfs4prA==",
      "dev": true,
      "requires": {
        "@aws-cdk/assets": "1.50.0",
        "@aws-cdk/aws-iam": "1.50.0",
        "@aws-cdk/aws-kms": "1.50.0",
        "@aws-cdk/aws-s3": "1.50.0",
        "@aws-cdk/core": "1.50.0",
        "@aws-cdk/cx-api": "1.50.0",
        "constructs": "^3.0.2"
      }
    },
    "@aws-cdk/aws-sam": {
      "version": "1.50.0",
      "resolved": "https://registry.npmjs.org/@aws-cdk/aws-sam/-/aws-sam-1.50.0.tgz",
      "integrity": "sha512-NG6D8nc9pu2xmAayjCubc086OCemJ3mATLlmKkMBjJQ4auWooJsTeNRJ1A415pnuiZEOIBpCUkfcZ2UOSuyJbw==",
      "dev": true,
      "requires": {
        "@aws-cdk/core": "1.50.0",
        "constructs": "^3.0.2"
      }
    },
    "@aws-cdk/aws-secretsmanager": {
      "version": "1.50.0",
      "resolved": "https://registry.npmjs.org/@aws-cdk/aws-secretsmanager/-/aws-secretsmanager-1.50.0.tgz",
      "integrity": "sha512-VMF3/nqrWPOueLDiEd+MlFx9+BQAFL7K/xI0RyWGDJ/vtiimW3gLlt5t0f37yg48c2rpWvikECG1gcB/KZX15w==",
      "dev": true,
      "requires": {
        "@aws-cdk/aws-ec2": "1.50.0",
        "@aws-cdk/aws-iam": "1.50.0",
        "@aws-cdk/aws-kms": "1.50.0",
        "@aws-cdk/aws-lambda": "1.50.0",
        "@aws-cdk/aws-sam": "1.50.0",
        "@aws-cdk/core": "1.50.0",
        "constructs": "^3.0.2"
      }
    },
    "@aws-cdk/aws-sns": {
      "version": "1.50.0",
      "resolved": "https://registry.npmjs.org/@aws-cdk/aws-sns/-/aws-sns-1.50.0.tgz",
      "integrity": "sha512-HDSl40MUJ94JDdDtlQlh/q7ZebeO3YVQHPJOqt8c7zmfvUuzq/id3F4oVFNLOlaRLhSN0gt9iJE8tKqvTz9D/g==",
      "dev": true,
      "requires": {
        "@aws-cdk/aws-cloudwatch": "1.50.0",
        "@aws-cdk/aws-events": "1.50.0",
        "@aws-cdk/aws-iam": "1.50.0",
        "@aws-cdk/aws-kms": "1.50.0",
        "@aws-cdk/aws-sqs": "1.50.0",
        "@aws-cdk/core": "1.50.0",
        "constructs": "^3.0.2"
      }
    },
    "@aws-cdk/aws-sqs": {
      "version": "1.50.0",
      "resolved": "https://registry.npmjs.org/@aws-cdk/aws-sqs/-/aws-sqs-1.50.0.tgz",
      "integrity": "sha512-EIDrkoFRcOL3FXKJodpVkBrE5pKrJP7jsOZjMd0SvyRTnJH0MGS/JSJTh/0AAdU3v1F/FCa48wYKYruuveOv6A==",
      "dev": true,
      "requires": {
        "@aws-cdk/aws-cloudwatch": "1.50.0",
        "@aws-cdk/aws-iam": "1.50.0",
        "@aws-cdk/aws-kms": "1.50.0",
        "@aws-cdk/core": "1.50.0",
        "constructs": "^3.0.2"
      }
    },
    "@aws-cdk/aws-ssm": {
      "version": "1.50.0",
      "resolved": "https://registry.npmjs.org/@aws-cdk/aws-ssm/-/aws-ssm-1.50.0.tgz",
      "integrity": "sha512-AfVz1aKA4dA4pB3Kysuqmc+/TrGG0RngwVytztGFQP5dvlcL6Ysr+mOjnjJjXAvjPr5EIHfp3Hx9FgLmrZ+8Gw==",
      "dev": true,
      "requires": {
        "@aws-cdk/aws-iam": "1.50.0",
        "@aws-cdk/aws-kms": "1.50.0",
        "@aws-cdk/cloud-assembly-schema": "1.50.0",
        "@aws-cdk/core": "1.50.0",
        "constructs": "^3.0.2"
      }
    },
    "@aws-cdk/cloud-assembly-schema": {
      "version": "1.50.0",
      "resolved": "https://registry.npmjs.org/@aws-cdk/cloud-assembly-schema/-/cloud-assembly-schema-1.50.0.tgz",
      "integrity": "sha512-69WYKm7XQwSJTHyS+Cr2LlkW5VmxwaHi2g8GNor5WCvg8yRKDNxoTZaHnsEMoCh1HAncsxQYGB1vL60yLFs6QA==",
      "dev": true,
      "requires": {
        "jsonschema": "^1.2.5",
        "semver": "^7.2.2"
      },
      "dependencies": {
        "jsonschema": {
          "version": "1.2.6",
          "bundled": true,
          "dev": true
        },
        "semver": {
          "version": "7.3.2",
          "bundled": true,
          "dev": true
        }
      }
    },
    "@aws-cdk/core": {
      "version": "1.50.0",
      "resolved": "https://registry.npmjs.org/@aws-cdk/core/-/core-1.50.0.tgz",
      "integrity": "sha512-zge85xzVlX3Y0Vn2vKC8LAYxJe7CYLNGcHijxfjFgqbYTrnnuLRLzDm6Ke/5JUBprLT8K95ZRHXYhFFx8lCI7Q==",
      "dev": true,
      "requires": {
        "@aws-cdk/cloud-assembly-schema": "1.50.0",
        "@aws-cdk/cx-api": "1.50.0",
        "constructs": "^3.0.2",
        "fs-extra": "^9.0.1",
        "minimatch": "^3.0.4"
      },
      "dependencies": {
        "at-least-node": {
          "version": "1.0.0",
          "bundled": true,
          "dev": true
        },
        "balanced-match": {
          "version": "1.0.0",
          "bundled": true,
          "dev": true
        },
        "brace-expansion": {
          "version": "1.1.11",
          "bundled": true,
          "dev": true,
          "requires": {
            "balanced-match": "^1.0.0",
            "concat-map": "0.0.1"
          }
        },
        "concat-map": {
          "version": "0.0.1",
          "bundled": true,
          "dev": true
        },
        "fs-extra": {
          "version": "9.0.1",
          "bundled": true,
          "dev": true,
          "requires": {
            "at-least-node": "^1.0.0",
            "graceful-fs": "^4.2.0",
            "jsonfile": "^6.0.1",
            "universalify": "^1.0.0"
          }
        },
        "graceful-fs": {
          "version": "4.2.3",
          "bundled": true,
          "dev": true
        },
        "jsonfile": {
          "version": "6.0.1",
          "bundled": true,
          "dev": true,
          "requires": {
            "graceful-fs": "^4.1.6",
            "universalify": "^1.0.0"
          }
        },
        "minimatch": {
          "version": "3.0.4",
          "bundled": true,
          "dev": true,
          "requires": {
            "brace-expansion": "^1.1.7"
          }
        },
        "universalify": {
          "version": "1.0.0",
          "bundled": true,
          "dev": true
        }
      }
    },
    "@aws-cdk/custom-resources": {
      "version": "1.50.0",
      "resolved": "https://registry.npmjs.org/@aws-cdk/custom-resources/-/custom-resources-1.50.0.tgz",
      "integrity": "sha512-qYpDkhoQcnlo7QPSqrfB/9dGdpem4sLc5eQmsVVrRuOO3fDTqvT/n3/+nxYr7di2nWBTSFd1KLXimChgyso7sg==",
      "dev": true,
      "requires": {
        "@aws-cdk/aws-cloudformation": "1.50.0",
        "@aws-cdk/aws-iam": "1.50.0",
        "@aws-cdk/aws-lambda": "1.50.0",
        "@aws-cdk/aws-logs": "1.50.0",
        "@aws-cdk/aws-sns": "1.50.0",
        "@aws-cdk/core": "1.50.0",
        "constructs": "^3.0.2"
      }
    },
    "@aws-cdk/cx-api": {
      "version": "1.50.0",
      "resolved": "https://registry.npmjs.org/@aws-cdk/cx-api/-/cx-api-1.50.0.tgz",
      "integrity": "sha512-XsHbMqSTnri3rqhDuowDfYIQbKe/CU/bRkztt5ERKH38DXK62v3O9ZXflaiDtOQxCt+Sz/zOcpMIOcCfgVc1Tw==",
      "dev": true,
      "requires": {
        "@aws-cdk/cloud-assembly-schema": "1.50.0",
        "semver": "^7.2.2"
      },
      "dependencies": {
        "semver": {
          "version": "7.3.2",
          "bundled": true,
          "dev": true
        }
      }
    },
    "@aws-cdk/region-info": {
      "version": "1.50.0",
      "resolved": "https://registry.npmjs.org/@aws-cdk/region-info/-/region-info-1.50.0.tgz",
      "integrity": "sha512-ze4kwJ39H/bOHSJ7o7qZVqMAWG1rmO3K3fEVrZHg6AydC6B7g1mUfb38eZ4FM8i8q5DLSzCf3OXeTVYwTnJSYQ==",
      "dev": true
    },
    "@types/node": {
      "version": "14.0.20",
      "resolved": "https://registry.npmjs.org/@types/node/-/node-14.0.20.tgz",
      "integrity": "sha512-MRn/NP3dee8yL5QhbSA6riuwkS+UOcsPUMOIOG3KMUQpuor/2TopdRBu8QaaB4fGU+gz/bzyDWt0FtUbeJ8H1A==",
      "dev": true
    },
    "constructs": {
      "version": "3.0.4",
      "resolved": "https://registry.npmjs.org/constructs/-/constructs-3.0.4.tgz",
      "integrity": "sha512-CDvg7gMjphE3DFX4pzkF6j73NREbR8npPFW8Mx/CLRnMR035+Y1o1HrXIsNSss/dq3ZUnNTU9jKyd3fL9EOlfw==",
      "dev": true
    }
  }
}
